
Microsoft Visual Studio Solution File, Format Version 12.00
# Visual Studio Version 16
VisualStudioVersion = 16.0.30011.22
MinimumVisualStudioVersion = 10.0.40219.1
Project("{FAE04EC0-301F-11D3-BF4B-00C04F79EFBC}") = "Livy.Net", "Livy.Net.csproj", "{CE7B0DCD-9743-476E-B4F5-05B5A4ACF583}"
EndProject
Global
	GlobalSection(SolutionConfigurationPlatforms) = preSolution
		Debug|Any CPU = Debug|Any CPU
		Release|Any CPU = Release|Any CPU
	EndGlobalSection
	GlobalSection(ProjectConfigurationPlatforms) = postSolution
		{CE7B0DCD-9743-476E-B4F5-05B5A4ACF583}.Debug|Any CPU.ActiveCfg = Debug|Any CPU
		{CE7B0DCD-9743-476E-B4F5-05B5A4ACF583}.Debug|Any CPU.Build.0 = Debug|Any CPU
		{CE7B0DCD-9743-476E-B4F5-05B5A4ACF583}.Release|Any CPU.ActiveCfg = Release|Any CPU
		{CE7B0DCD-9743-476E-B4F5-05B5A4ACF583}.Release|Any CPU.Build.0 = Release|Any CPU
	EndGlobalSection
	GlobalSection(SolutionProperties) = preSolution
		HideSolutionNode = FALSE
	EndGlobalSection
	GlobalSection(ExtensibilityGlobals) = postSolution
		SolutionGuid = {68218704-C45C-408F-A0A9-B3C5644908E1}
	EndGlobalSection
EndGlobal
